
Microsoft Visual Studio Solution File, Format Version 12.00
# Visual Studio 15
VisualStudioVersion = 15.0.28307.271
MinimumVisualStudioVersion = 10.0.40219.1
Project("{FAE04EC0-301F-11D3-BF4B-00C04F79EFBC}") = "TrabalhoQualidade", "TrabalhoQualidade\TrabalhoQualidade.csproj", "{7A4527BE-7574-4A91-86CE-1C6FC1583BC7}"
EndProject
Global
	GlobalSection(SolutionConfigurationPlatforms) = preSolution
		Debug|Any CPU = Debug|Any CPU
		Release|Any CPU = Release|Any CPU
	EndGlobalSection
	GlobalSection(ProjectConfigurationPlatforms) = postSolution
		{7A4527BE-7574-4A91-86CE-1C6FC1583BC7}.Debug|Any CPU.ActiveCfg = Debug|Any CPU
		{7A4527BE-7574-4A91-86CE-1C6FC1583BC7}.Debug|Any CPU.Build.0 = Debug|Any CPU
		{7A4527BE-7574-4A91-86CE-1C6FC1583BC7}.Release|Any CPU.ActiveCfg = Release|Any CPU
		{7A4527BE-7574-4A91-86CE-1C6FC1583BC7}.Release|Any CPU.Build.0 = Release|Any CPU
	EndGlobalSection
	GlobalSection(SolutionProperties) = preSolution
		HideSolutionNode = FALSE
	EndGlobalSection
	GlobalSection(ExtensibilityGlobals) = postSolution
		SolutionGuid = {D0EEDFD5-9AF3-4780-9BC0-527694E70FEC}
	EndGlobalSection
EndGlobal
